
Microsoft Visual Studio Solution File, Format Version 12.00
# Visual Studio Version 17
VisualStudioVersion = 17.0.31912.275
MinimumVisualStudioVersion = 10.0.40219.1
Project("{9A19103F-16F7-4668-BE54-9A1E7A4F7556}") = "TMom.Api", "TMom.Api\TMom.Api.csproj", "{1C2DDD81-9F55-4E4B-9F70-5E8631C179B9}"
EndProject
Project("{2150E333-8FDC-42A3-9474-1A3956D46DE8}") = "1.Web", "1.Web", "{150CD540-3DEF-47A6-959A-E17F89D1BF1E}"
EndProject
Project("{2150E333-8FDC-42A3-9474-1A3956D46DE8}") = "2.Application", "2.Application", "{A34DE0AF-58B2-4E1C-BA8A-0AD1E4D8933F}"
EndProject
Project("{2150E333-8FDC-42A3-9474-1A3956D46DE8}") = "3.Domain", "3.Domain", "{8C3744A6-0898-41BD-9DE3-1F024C07A283}"
EndProject
Project("{2150E333-8FDC-42A3-9474-1A3956D46DE8}") = "4.Infrastructure", "4.Infrastructure", "{A97A69DE-6612-49D1-ADBE-4394BC2BF602}"
EndProject
Project("{9A19103F-16F7-4668-BE54-9A1E7A4F7556}") = "TMom.Application.Dto", "TMom.Application.Dto\TMom.Application.Dto.csproj", "{84AFD325-2229-4870-AC48-1B18C0266C2D}"
EndProject
Project("{9A19103F-16F7-4668-BE54-9A1E7A4F7556}") = "TMom.Application.Service", "TMom.Application.Service\TMom.Application.Service.csproj", "{06EED127-76D5-416F-A95C-AA0AAEC579E7}"
EndProject
Project("{9A19103F-16F7-4668-BE54-9A1E7A4F7556}") = "TMom.Domain.Model", "TMom.Domain.Model\TMom.Domain.Model.csproj", "{FEC2AB66-1389-4A96-A493-01B5906611A7}"
EndProject
Project("{9A19103F-16F7-4668-BE54-9A1E7A4F7556}") = "TMom.Infrastructure.Repository", "TMom.Infrastructure.Repository\TMom.Infrastructure.Repository.csproj", "{5682D4E1-D372-417E-AD48-4DBCE489F2CE}"
EndProject
Project("{9A19103F-16F7-4668-BE54-9A1E7A4F7556}") = "TMom.Infrastructure", "TMom.Infrastructure\TMom.Infrastructure.csproj", "{64E48AC0-D126-47E1-AB5B-0F8AD9EB570E}"
EndProject
Project("{9A19103F-16F7-4668-BE54-9A1E7A4F7556}") = "TMom.Domain.IRepository", "TMom.Domain.IRepository\TMom.Domain.IRepository.csproj", "{BBBEF45A-E054-4E24-BFB2-268D5B85FAB6}"
EndProject
Project("{9A19103F-16F7-4668-BE54-9A1E7A4F7556}") = "TMom.Application.Ext", "TMom.Application.Ext\TMom.Application.Ext.csproj", "{E2079C0C-4B76-4571-8F23-9BC02ECBAB88}"
EndProject
Project("{9A19103F-16F7-4668-BE54-9A1E7A4F7556}") = "TMom.Consumer", "TMom.Consumer\TMom.Consumer.csproj", "{BF76C455-C387-45A4-9E2D-585EC0E6A536}"
EndProject
Project("{9A19103F-16F7-4668-BE54-9A1E7A4F7556}") = "TMom.Client", "TMom.Client\TMom.Client.csproj", "{C1343DB4-1970-4915-85DC-D9702635139A}"
EndProject
Global
	GlobalSection(SolutionConfigurationPlatforms) = preSolution
		Debug|Any CPU = Debug|Any CPU
		Release|Any CPU = Release|Any CPU
	EndGlobalSection
	GlobalSection(ProjectConfigurationPlatforms) = postSolution
		{1C2DDD81-9F55-4E4B-9F70-5E8631C179B9}.Debug|Any CPU.ActiveCfg = Debug|Any CPU
		{1C2DDD81-9F55-4E4B-9F70-5E8631C179B9}.Debug|Any CPU.Build.0 = Debug|Any CPU
		{1C2DDD81-9F55-4E4B-9F70-5E8631C179B9}.Release|Any CPU.ActiveCfg = Release|Any CPU
		{1C2DDD81-9F55-4E4B-9F70-5E8631C179B9}.Release|Any CPU.Build.0 = Release|Any CPU
		{84AFD325-2229-4870-AC48-1B18C0266C2D}.Debug|Any CPU.ActiveCfg = Debug|Any CPU
		{84AFD325-2229-4870-AC48-1B18C0266C2D}.Debug|Any CPU.Build.0 = Debug|Any CPU
		{84AFD325-2229-4870-AC48-1B18C0266C2D}.Release|Any CPU.ActiveCfg = Release|Any CPU
		{84AFD325-2229-4870-AC48-1B18C0266C2D}.Release|Any CPU.Build.0 = Release|Any CPU
		{06EED127-76D5-416F-A95C-AA0AAEC579E7}.Debug|Any CPU.ActiveCfg = Debug|Any CPU
		{06EED127-76D5-416F-A95C-AA0AAEC579E7}.Debug|Any CPU.Build.0 = Debug|Any CPU
		{06EED127-76D5-416F-A95C-AA0AAEC579E7}.Release|Any CPU.ActiveCfg = Release|Any CPU
		{06EED127-76D5-416F-A95C-AA0AAEC579E7}.Release|Any CPU.Build.0 = Release|Any CPU
		{FEC2AB66-1389-4A96-A493-01B5906611A7}.Debug|Any CPU.ActiveCfg = Debug|Any CPU
		{FEC2AB66-1389-4A96-A493-01B5906611A7}.Debug|Any CPU.Build.0 = Debug|Any CPU
		{FEC2AB66-1389-4A96-A493-01B5906611A7}.Release|Any CPU.ActiveCfg = Release|Any CPU
		{FEC2AB66-1389-4A96-A493-01B5906611A7}.Release|Any CPU.Build.0 = Release|Any CPU
		{5682D4E1-D372-417E-AD48-4DBCE489F2CE}.Debug|Any CPU.ActiveCfg = Debug|Any CPU
		{5682D4E1-D372-417E-AD48-4DBCE489F2CE}.Debug|Any CPU.Build.0 = Debug|Any CPU
		{5682D4E1-D372-417E-AD48-4DBCE489F2CE}.Release|Any CPU.ActiveCfg = Release|Any CPU
		{5682D4E1-D372-417E-AD48-4DBCE489F2CE}.Release|Any CPU.Build.0 = Release|Any CPU
		{64E48AC0-D126-47E1-AB5B-0F8AD9EB570E}.Debug|Any CPU.ActiveCfg = Debug|Any CPU
		{64E48AC0-D126-47E1-AB5B-0F8AD9EB570E}.Debug|Any CPU.Build.0 = Debug|Any CPU
		{64E48AC0-D126-47E1-AB5B-0F8AD9EB570E}.Release|Any CPU.ActiveCfg = Release|Any CPU
		{64E48AC0-D126-47E1-AB5B-0F8AD9EB570E}.Release|Any CPU.Build.0 = Release|Any CPU
		{BBBEF45A-E054-4E24-BFB2-268D5B85FAB6}.Debug|Any CPU.ActiveCfg = Debug|Any CPU
		{BBBEF45A-E054-4E24-BFB2-268D5B85FAB6}.Debug|Any CPU.Build.0 = Debug|Any CPU
		{BBBEF45A-E054-4E24-BFB2-268D5B85FAB6}.Release|Any CPU.ActiveCfg = Release|Any CPU
		{BBBEF45A-E054-4E24-BFB2-268D5B85FAB6}.Release|Any CPU.Build.0 = Release|Any CPU
		{E2079C0C-4B76-4571-8F23-9BC02ECBAB88}.Debug|Any CPU.ActiveCfg = Debug|Any CPU
		{E2079C0C-4B76-4571-8F23-9BC02ECBAB88}.Debug|Any CPU.Build.0 = Debug|Any CPU
		{E2079C0C-4B76-4571-8F23-9BC02ECBAB88}.Release|Any CPU.ActiveCfg = Release|Any CPU
		{E2079C0C-4B76-4571-8F23-9BC02ECBAB88}.Release|Any CPU.Build.0 = Release|Any CPU
		{BF76C455-C387-45A4-9E2D-585EC0E6A536}.Debug|Any CPU.ActiveCfg = Debug|Any CPU
		{BF76C455-C387-45A4-9E2D-585EC0E6A536}.Debug|Any CPU.Build.0 = Debug|Any CPU
		{BF76C455-C387-45A4-9E2D-585EC0E6A536}.Release|Any CPU.ActiveCfg = Release|Any CPU
		{BF76C455-C387-45A4-9E2D-585EC0E6A536}.Release|Any CPU.Build.0 = Release|Any CPU
		{C1343DB4-1970-4915-85DC-D9702635139A}.Debug|Any CPU.ActiveCfg = Debug|Any CPU
		{C1343DB4-1970-4915-85DC-D9702635139A}.Debug|Any CPU.Build.0 = Debug|Any CPU
		{C1343DB4-1970-4915-85DC-D9702635139A}.Release|Any CPU.ActiveCfg = Release|Any CPU
		{C1343DB4-1970-4915-85DC-D9702635139A}.Release|Any CPU.Build.0 = Release|Any CPU
	EndGlobalSection
	GlobalSection(SolutionProperties) = preSolution
		HideSolutionNode = FALSE
	EndGlobalSection
	GlobalSection(NestedProjects) = preSolution
		{1C2DDD81-9F55-4E4B-9F70-5E8631C179B9} = {150CD540-3DEF-47A6-959A-E17F89D1BF1E}
		{84AFD325-2229-4870-AC48-1B18C0266C2D} = {A34DE0AF-58B2-4E1C-BA8A-0AD1E4D8933F}
		{06EED127-76D5-416F-A95C-AA0AAEC579E7} = {A34DE0AF-58B2-4E1C-BA8A-0AD1E4D8933F}
		{FEC2AB66-1389-4A96-A493-01B5906611A7} = {8C3744A6-0898-41BD-9DE3-1F024C07A283}
		{5682D4E1-D372-417E-AD48-4DBCE489F2CE} = {A97A69DE-6612-49D1-ADBE-4394BC2BF602}
		{64E48AC0-D126-47E1-AB5B-0F8AD9EB570E} = {A97A69DE-6612-49D1-ADBE-4394BC2BF602}
		{BBBEF45A-E054-4E24-BFB2-268D5B85FAB6} = {8C3744A6-0898-41BD-9DE3-1F024C07A283}
		{E2079C0C-4B76-4571-8F23-9BC02ECBAB88} = {A34DE0AF-58B2-4E1C-BA8A-0AD1E4D8933F}
		{BF76C455-C387-45A4-9E2D-585EC0E6A536} = {150CD540-3DEF-47A6-959A-E17F89D1BF1E}
		{C1343DB4-1970-4915-85DC-D9702635139A} = {150CD540-3DEF-47A6-959A-E17F89D1BF1E}
	EndGlobalSection
	GlobalSection(ExtensibilityGlobals) = postSolution
		SolutionGuid = {B086FED5-4D08-4ADD-AE68-C3249F833E84}
	EndGlobalSection
EndGlobal
